// !$*UTF8*$!
{
	archiveVersion = 1;
	classes = {
	};
	objectVersion = 46;
	objects = {

/* Begin PBXBuildFile section */
		195332131C612D2F009A79D0 /* main.m in Sources */ = {isa = PBXBuildFile; fileRef = 195332121C612D2F009A79D0 /* main.m */; };
		195332161C612D2F009A79D0 /* AppDelegate.m in Sources */ = {isa = PBXBuildFile; fileRef = 195332151C612D2F009A79D0 /* AppDelegate.m */; };
		195332191C612D2F009A79D0 /* ViewController.m in Sources */ = {isa = PBXBuildFile; fileRef = 195332181C612D2F009A79D0 /* ViewController.m */; };
		1953321C1C612D2F009A79D0 /* Main.storyboard in Resources */ = {isa = PBXBuildFile; fileRef = 1953321A1C612D2F009A79D0 /* Main.storyboard */; };
		1953321E1C612D2F009A79D0 /* Assets.xcassets in Resources */ = {isa = PBXBuildFile; fileRef = 1953321D1C612D2F009A79D0 /* Assets.xcassets */; };
		195332211C612D2F009A79D0 /* LaunchScreen.storyboard in Resources */ = {isa = PBXBuildFile; fileRef = 1953321F1C612D2F009A79D0 /* LaunchScreen.storyboard */; };
		1953322B1C613171009A79D0 /* LLDateTools.m in Sources */ = {isa = PBXBuildFile; fileRef = 1953322A1C613171009A79D0 /* LLDateTools.m */; };
/* End PBXBuildFile section */

/* Begin PBXFileReference section */
		1953320E1C612D2F009A79D0 /* LLDateToolsDemo.app */ = {isa = PBXFileReference; explicitFileType = wrapper.application; includeInIndex = 0; path = LLDateToolsDemo.app; sourceTree = BUILT_PRODUCTS_DIR; };
		195332121C612D2F009A79D0 /* main.m */ = {isa = PBXFileReference; lastKnownFileType = sourcecode.c.objc; path = main.m; sourceTree = "<group>"; };
		195332141C612D2F009A79D0 /* AppDelegate.h */ = {isa = PBXFileReference; lastKnownFileType = sourcecode.c.h; path = AppDelegate.h; sourceTree = "<group>"; };
		195332151C612D2F009A79D0 /* AppDelegate.m */ = {isa = PBXFileReference; lastKnownFileType = sourcecode.c.objc; path = AppDelegate.m; sourceTree = "<group>"; };
		195332171C612D2F009A79D0 /* ViewController.h */ = {isa = PBXFileReference; lastKnownFileType = sourcecode.c.h; path = ViewController.h; sourceTree = "<group>"; };
		195332181C612D2F009A79D0 /* ViewController.m */ = {isa = PBXFileReference; lastKnownFileType = sourcecode.c.objc; path = ViewController.m; sourceTree = "<group>"; };
		1953321B1C612D2F009A79D0 /* Base */ = {isa = PBXFileReference; lastKnownFileType = file.storyboard; name = Base; path = Base.lproj/Main.storyboard; sourceTree = "<group>"; };
		1953321D1C612D2F009A79D0 /* Assets.xcassets */ = {isa = PBXFileReference; lastKnownFileType = folder.assetcatalog; path = Assets.xcassets; sourceTree = "<group>"; };
		195332201C612D2F009A79D0 /* Base */ = {isa = PBXFileReference; lastKnownFileType = file.storyboard; name = Base; path = Base.lproj/LaunchScreen.storyboard; sourceTree = "<group>"; };
		195332221C612D2F009A79D0 /* Info.plist */ = {isa = PBXFileReference; lastKnownFileType = text.plist.xml; path = Info.plist; sourceTree = "<group>"; };
		195332291C613171009A79D0 /* LLDateTools.h */ = {isa = PBXFileReference; fileEncoding = 4; lastKnownFileType = sourcecode.c.h; path = LLDateTools.h; sourceTree = "<group>"; };
		1953322A1C613171009A79D0 /* LLDateTools.m */ = {isa = PBXFileReference; fileEncoding = 4; lastKnownFileType = sourcecode.c.objc; path = LLDateTools.m; sourceTree = "<group>"; };
/* End PBXFileReference section */

/* Begin PBXFrameworksBuildPhase section */
		1953320B1C612D2F009A79D0 /* Frameworks */ = {
			isa = PBXFrameworksBuildPhase;
			buildActionMask = 2147483647;
			files = (
			);
			runOnlyForDeploymentPostprocessing = 0;
		};
/* End PBXFrameworksBuildPhase section */

/* Begin PBXGroup section */
		195332051C612D2F009A79D0 = {
			isa = PBXGroup;
			children = (
				195332101C612D2F009A79D0 /* LLDateToolsDemo */,
				1953320F1C612D2F009A79D0 /* Products */,
			);
			sourceTree = "<group>";
		};
		1953320F1C612D2F009A79D0 /* Products */ = {
			isa = PBXGroup;
			children = (
				1953320E1C612D2F009A79D0 /* LLDateToolsDemo.app */,
			);
			name = Products;
			sourceTree = "<group>";
		};
		195332101C612D2F009A79D0 /* LLDateToolsDemo */ = {
			isa = PBXGroup;
			children = (
				195332281C61314E009A79D0 /* LLDateTools */,
				195332141C612D2F009A79D0 /* AppDelegate.h */,
				195332151C612D2F009A79D0 /* AppDelegate.m */,
				195332171C612D2F009A79D0 /* ViewController.h */,
				195332181C612D2F009A79D0 /* ViewController.m */,
				1953321A1C612D2F009A79D0 /* Main.storyboard */,
				1953321D1C612D2F009A79D0 /* Assets.xcassets */,
				1953321F1C612D2F009A79D0 /* LaunchScreen.storyboard */,
				195332221C612D2F009A79D0 /* Info.plist */,
				195332111C612D2F009A79D0 /* Supporting Files */,
			);
			path = LLDateToolsDemo;
			sourceTree = "<group>";
		};
		195332111C612D2F009A79D0 /* Supporting Files */ = {
			isa = PBXGroup;
			children = (
				195332121C612D2F009A79D0 /* main.m */,
			);
			name = "Supporting Files";
			sourceTree = "<group>";
		};
		195332281C61314E009A79D0 /* LLDateTools */ = {
			isa = PBXGroup;
			children = (
				195332291C613171009A79D0 /* LLDateTools.h */,
				1953322A1C613171009A79D0 /* LLDateTools.m */,
			);
			path = LLDateTools;
			sourceTree = "<group>";
		};
/* End PBXGroup section */

/* Begin PBXNativeTarget section */
		1953320D1C612D2F009A79D0 /* LLDateToolsDemo */ = {
			isa = PBXNativeTarget;
			buildConfigurationList = 195332251C612D2F009A79D0 /* Build configuration list for PBXNativeTarget "LLDateToolsDemo" */;
			buildPhases = (
				1953320A1C612D2F009A79D0 /* Sources */,
				1953320B1C612D2F009A79D0 /* Frameworks */,
				1953320C1C612D2F009A79D0 /* Resources */,
			);
			buildRules = (
			);
			dependencies = (
			);
			name = LLDateToolsDemo;
			productName = LLDateToolsDemo;
			productReference = 1953320E1C612D2F009A79D0 /* LLDateToolsDemo.app */;
			productType = "com.apple.product-type.application";
		};
/* End PBXNativeTarget section */

/* Begin PBXProject section */
		195332061C612D2F009A79D0 /* Project object */ = {
			isa = PBXProject;
			attributes = {
				LastUpgradeCheck = 0710;
				ORGANIZATIONNAME = "刘李治东";
				TargetAttributes = {
					1953320D1C612D2F009A79D0 = {
						CreatedOnToolsVersion = 7.1;
						DevelopmentTeam = KR7TAPX9RL;
					};
				};
			};
			buildConfigurationList = 195332091C612D2F009A79D0 /* Build configuration list for PBXProject "LLDateToolsDemo" */;
			compatibilityVersion = "Xcode 3.2";
			developmentRegion = English;
			hasScannedForEncodings = 0;
			knownRegions = (
				en,
				Base,
			);
			mainGroup = 195332051C612D2F009A79D0;
			productRefGroup = 1953320F1C612D2F009A79D0 /* Products */;
			projectDirPath = "";
			projectRoot = "";
			targets = (
				1953320D1C612D2F009A79D0 /* LLDateToolsDemo */,
			);
		};
/* End PBXProject section */

/* Begin PBXResourcesBuildPhase section */
		1953320C1C612D2F009A79D0 /* Resources */ = {
			isa = PBXResourcesBuildPhase;
			buildActionMask = 2147483647;
			files = (
				195332211C612D2F009A79D0 /* LaunchScreen.storyboard in Resources */,
				1953321E1C612D2F009A79D0 /* Assets.xcassets in Resources */,
				1953321C1C612D2F009A79D0 /* Main.storyboard in Resources */,
			);
			runOnlyForDeploymentPostprocessing = 0;
		};
/* End PBXResourcesBuildPhase section */

/* Begin PBXSourcesBuildPhase section */
		1953320A1C612D2F009A79D0 /* Sources */ = {
			isa = PBXSourcesBuildPhase;
			buildActionMask = 2147483647;
			files = (
				195332191C612D2F009A79D0 /* ViewController.m in Sources */,
				195332161C612D2F009A79D0 /* AppDelegate.m in Sources */,
				195332131C612D2F009A79D0 /* main.m in Sources */,
				1953322B1C613171009A79D0 /* LLDateTools.m in Sources */,
			);
			runOnlyForDeploymentPostprocessing = 0;
		};
/* End PBXSourcesBuildPhase section */

/* Begin PBXVariantGroup section */
		1953321A1C612D2F009A79D0 /* Main.storyboard */ = {
			isa = PBXVariantGroup;
			children = (
				1953321B1C612D2F009A79D0 /* Base */,
			);
			name = Main.storyboard;
			sourceTree = "<group>";
		};
		1953321F1C612D2F009A79D0 /* LaunchScreen.storyboard */ = {
			isa = PBXVariantGroup;
			children = (
				195332201C612D2F009A79D0 /* Base */,
			);
			name = LaunchScreen.storyboard;
			sourceTree = "<group>";
		};
/* End PBXVariantGroup section */

/* Begin XCBuildConfiguration section */
		195332231C612D2F009A79D0 /* Debug */ = {
			isa = XCBuildConfiguration;
			buildSettings = {
				ALWAYS_SEARCH_USER_PATHS = NO;
				CLANG_CXX_LANGUAGE_STANDARD = "gnu++0x";
				CLANG_CXX_LIBRARY = "libc++";
				CLANG_ENABLE_MODULES = YES;
				CLANG_ENABLE_OBJC_ARC = YES;
				CLANG_WARN_BOOL_CONVERSION = YES;
				CLANG_WARN_CONSTANT_CONVERSION = YES;
				CLANG_WARN_DIRECT_OBJC_ISA_USAGE = YES_ERROR;
				CLANG_WARN_EMPTY_BODY = YES;
				CLANG_WARN_ENUM_CONVERSION = YES;
				CLANG_WARN_INT_CONVERSION = YES;
				CLANG_WARN_OBJC_ROOT_CLASS = YES_ERROR;
				CLANG_WARN_UNREACHABLE_CODE = YES;
				CLANG_WARN__DUPLICATE_METHOD_MATCH = YES;
				"CODE_SIGN_IDENTITY[sdk=iphoneos*]" = "iPhone Developer";
				COPY_PHASE_STRIP = NO;
				DEBUG_INFORMATION_FORMAT = dwarf;
				ENABLE_STRICT_OBJC_MSGSEND = YES;
				ENABLE_TESTABILITY = YES;
				GCC_C_LANGUAGE_STANDARD = gnu99;
				GCC_DYNAMIC_NO_PIC = NO;
				GCC_NO_COMMON_BLOCKS = YES;
				GCC_OPTIMIZATION_LEVEL = 0;
				GCC_PREPROCESSOR_DEFINITIONS = (
					"DEBUG=1",
					"$(inherited)",
				);
				GCC_WARN_64_TO_32_BIT_CONVERSION = YES;
				GCC_WARN_ABOUT_RETURN_TYPE = YES_ERROR;
				GCC_WARN_UNDECLARED_SELECTOR = YES;
				GCC_WARN_UNINITIALIZED_AUTOS = YES_AGGRESSIVE;
				GCC_WARN_UNUSED_FUNCTION = YES;
				GCC_WARN_UNUSED_VARIABLE = YES;
				IPHONEOS_DEPLOYMENT_TARGET = 9.1;
				MTL_ENABLE_DEBUG_INFO = YES;
				ONLY_ACTIVE_ARCH = YES;
				SDKROOT = iphoneos;
			};
			name = Debug;
		};
		195332241C612D2F009A79D0 /* Release */ = {
			isa = XCBuildConfiguration;
			buildSettings = {
				ALWAYS_SEARCH_USER_PATHS = NO;
				CLANG_CXX_LANGUAGE_STANDARD = "gnu++0x";
				CLANG_CXX_LIBRARY = "libc++";
				CLANG_ENABLE_MODULES = YES;
				CLANG_ENABLE_OBJC_ARC = YES;
				CLANG_WARN_BOOL_CONVERSION = YES;
				CLANG_WARN_CONSTANT_CONVERSION = YES;
				CLANG_WARN_DIRECT_OBJC_ISA_USAGE = YES_ERROR;
				CLANG_WARN_EMPTY_BODY = YES;
				CLANG_WARN_ENUM_CONVERSION = YES;
				CLANG_WARN_INT_CONVERSION = YES;
				CLANG_WARN_OBJC_ROOT_CLASS = YES_ERROR;
				CLANG_WARN_UNREACHABLE_CODE = YES;
				CLANG_WARN__DUPLICATE_METHOD_MATCH = YES;
				"CODE_SIGN_IDENTITY[sdk=iphoneos*]" = "iPhone Developer";
				COPY_PHASE_STRIP = NO;
				DEBUG_INFORMATION_FORMAT = "dwarf-with-dsym";
				ENABLE_NS_ASSERTIONS = NO;
				ENABLE_STRICT_OBJC_MSGSEND = YES;
				GCC_C_LANGUAGE_STANDARD = gnu99;
				GCC_NO_COMMON_BLOCKS = YES;
				GCC_WARN_64_TO_32_BIT_CONVERSION = YES;
				GCC_WARN_ABOUT_RETURN_TYPE = YES_ERROR;
				GCC_WARN_UNDECLARED_SELECTOR = YES;
				GCC_WARN_UNINITIALIZED_AUTOS = YES_AGGRESSIVE;
				GCC_WARN_UNUSED_FUNCTION = YES;
				GCC_WARN_UNUSED_VARIABLE = YES;
				IPHONEOS_DEPLOYMENT_TARGET = 9.1;
				MTL_ENABLE_DEBUG_INFO = NO;
				SDKROOT = iphoneos;
				VALIDATE_PRODUCT = YES;
			};
			name = Release;
		};
		195332261C612D2F009A79D0 /* Debug */ = {
			isa = XCBuildConfiguration;
			buildSettings = {
				ASSETCATALOG_COMPILER_APPICON_NAME = AppIcon;
				INFOPLIST_FILE = LLDateToolsDemo/Info.plist;
				LD_RUNPATH_SEARCH_PATHS = "$(inherited) @executable_path/Frameworks";
				PRODUCT_BUNDLE_IDENTIFIER = com.liulizhidong.LLDateToolsDemo;
				PRODUCT_NAME = "$(TARGET_NAME)";
			};
			name = Debug;
		};
		195332271C612D2F009A79D0 /* Release */ = {
			isa = XCBuildConfiguration;
			buildSettings = {
				ASSETCATALOG_COMPILER_APPICON_NAME = AppIcon;
				INFOPLIST_FILE = LLDateToolsDemo/Info.plist;
				LD_RUNPATH_SEARCH_PATHS = "$(inherited) @executable_path/Frameworks";
				PRODUCT_BUNDLE_IDENTIFIER = com.liulizhidong.LLDateToolsDemo;
				PRODUCT_NAME = "$(TARGET_NAME)";
			};
			name = Release;
		};
/* End XCBuildConfiguration section */

/* Begin XCConfigurationList section */
		195332091C612D2F009A79D0 /* Build configuration list for PBXProject "LLDateToolsDemo" */ = {
			isa = XCConfigurationList;
			buildConfigurations = (
				195332231C612D2F009A79D0 /* Debug */,
				195332241C612D2F009A79D0 /* Release */,
			);
			defaultConfigurationIsVisible = 0;
			defaultConfigurationName = Release;
		};
		195332251C612D2F009A79D0 /* Build configuration list for PBXNativeTarget "LLDateToolsDemo" */ = {
			isa = XCConfigurationList;
			buildConfigurations = (
				195332261C612D2F009A79D0 /* Debug */,
				195332271C612D2F009A79D0 /* Release */,
			);
			defaultConfigurationIsVisible = 0;
			defaultConfigurationName = Release;
		};
/* End XCConfigurationList section */
	};
	rootObject = 195332061C612D2F009A79D0 /* Project object */;
}
